// !$*UTF8*$!
{
	archiveVersion = 1;
	classes = {
	};
	objectVersion = 46;
	objects = {

/* Begin PBXBuildFile section */
		431CE8731D66003D001C6307 /* AppDelegate.swift in Sources */ = {isa = PBXBuildFile; fileRef = 431CE8721D66003D001C6307 /* AppDelegate.swift */; };
		431CE8751D66003D001C6307 /* MemeViewController.swift in Sources */ = {isa = PBXBuildFile; fileRef = 431CE8741D66003D001C6307 /* MemeViewController.swift */; };
		431CE8781D66003D001C6307 /* Main.storyboard in Resources */ = {isa = PBXBuildFile; fileRef = 431CE8761D66003D001C6307 /* Main.storyboard */; };
		431CE87A1D66003D001C6307 /* Assets.xcassets in Resources */ = {isa = PBXBuildFile; fileRef = 431CE8791D66003D001C6307 /* Assets.xcassets */; };
		431CE87D1D66003D001C6307 /* LaunchScreen.storyboard in Resources */ = {isa = PBXBuildFile; fileRef = 431CE87B1D66003D001C6307 /* LaunchScreen.storyboard */; };
		431CE8881D66003D001C6307 /* MemeMeTests.swift in Sources */ = {isa = PBXBuildFile; fileRef = 431CE8871D66003D001C6307 /* MemeMeTests.swift */; };
		431CE8931D66003D001C6307 /* MemeMeUITests.swift in Sources */ = {isa = PBXBuildFile; fileRef = 431CE8921D66003D001C6307 /* MemeMeUITests.swift */; };
		431CE8A11D68B5FD001C6307 /* Meme.swift in Sources */ = {isa = PBXBuildFile; fileRef = 431CE8A01D68B5FD001C6307 /* Meme.swift */; };
/* End PBXBuildFile section */

/* Begin PBXContainerItemProxy section */
		431CE8841D66003D001C6307 /* PBXContainerItemProxy */ = {
			isa = PBXContainerItemProxy;
			containerPortal = 431CE8671D66003D001C6307 /* Project object */;
			proxyType = 1;
			remoteGlobalIDString = 431CE86E1D66003D001C6307;
			remoteInfo = MemeMe;
		};
		431CE88F1D66003D001C6307 /* PBXContainerItemProxy */ = {
			isa = PBXContainerItemProxy;
			containerPortal = 431CE8671D66003D001C6307 /* Project object */;
			proxyType = 1;
			remoteGlobalIDString = 431CE86E1D66003D001C6307;
			remoteInfo = MemeMe;
		};
/* End PBXContainerItemProxy section */

/* Begin PBXFileReference section */
		431CE86F1D66003D001C6307 /* MemeMe.app */ = {isa = PBXFileReference; explicitFileType = wrapper.application; includeInIndex = 0; path = MemeMe.app; sourceTree = BUILT_PRODUCTS_DIR; };
		431CE8721D66003D001C6307 /* AppDelegate.swift */ = {isa = PBXFileReference; lastKnownFileType = sourcecode.swift; path = AppDelegate.swift; sourceTree = "<group>"; };
		431CE8741D66003D001C6307 /* MemeViewController.swift */ = {isa = PBXFileReference; lastKnownFileType = sourcecode.swift; path = MemeViewController.swift; sourceTree = "<group>"; };
		431CE8771D66003D001C6307 /* Base */ = {isa = PBXFileReference; lastKnownFileType = file.storyboard; name = Base; path = Base.lproj/Main.storyboard; sourceTree = "<group>"; };
		431CE8791D66003D001C6307 /* Assets.xcassets */ = {isa = PBXFileReference; lastKnownFileType = folder.assetcatalog; path = Assets.xcassets; sourceTree = "<group>"; };
		431CE87C1D66003D001C6307 /* Base */ = {isa = PBXFileReference; lastKnownFileType = file.storyboard; name = Base; path = Base.lproj/LaunchScreen.storyboard; sourceTree = "<group>"; };
		431CE87E1D66003D001C6307 /* Info.plist */ = {isa = PBXFileReference; lastKnownFileType = text.plist.xml; path = Info.plist; sourceTree = "<group>"; };
		431CE8831D66003D001C6307 /* MemeMeTests.xctest */ = {isa = PBXFileReference; explicitFileType = wrapper.cfbundle; includeInIndex = 0; path = MemeMeTests.xctest; sourceTree = BUILT_PRODUCTS_DIR; };
		431CE8871D66003D001C6307 /* MemeMeTests.swift */ = {isa = PBXFileReference; lastKnownFileType = sourcecode.swift; path = MemeMeTests.swift; sourceTree = "<group>"; };
		431CE8891D66003D001C6307 /* Info.plist */ = {isa = PBXFileReference; lastKnownFileType = text.plist.xml; path = Info.plist; sourceTree = "<group>"; };
		431CE88E1D66003D001C6307 /* MemeMeUITests.xctest */ = {isa = PBXFileReference; explicitFileType = wrapper.cfbundle; includeInIndex = 0; path = MemeMeUITests.xctest; sourceTree = BUILT_PRODUCTS_DIR; };
		431CE8921D66003D001C6307 /* MemeMeUITests.swift */ = {isa = PBXFileReference; lastKnownFileType = sourcecode.swift; path = MemeMeUITests.swift; sourceTree = "<group>"; };
		431CE8941D66003D001C6307 /* Info.plist */ = {isa = PBXFileReference; lastKnownFileType = text.plist.xml; path = Info.plist; sourceTree = "<group>"; };
		431CE8A01D68B5FD001C6307 /* Meme.swift */ = {isa = PBXFileReference; fileEncoding = 4; lastKnownFileType = sourcecode.swift; path = Meme.swift; sourceTree = "<group>"; };
/* End PBXFileReference section */

/* Begin PBXFrameworksBuildPhase section */
		431CE86C1D66003D001C6307 /* Frameworks */ = {
			isa = PBXFrameworksBuildPhase;
			buildActionMask = 2147483647;
			files = (
			);
			runOnlyForDeploymentPostprocessing = 0;
		};
		431CE8801D66003D001C6307 /* Frameworks */ = {
			isa = PBXFrameworksBuildPhase;
			buildActionMask = 2147483647;
			files = (
			);
			runOnlyForDeploymentPostprocessing = 0;
		};
		431CE88B1D66003D001C6307 /* Frameworks */ = {
			isa = PBXFrameworksBuildPhase;
			buildActionMask = 2147483647;
			files = (
			);
			runOnlyForDeploymentPostprocessing = 0;
		};
/* End PBXFrameworksBuildPhase section */

/* Begin PBXGroup section */
		431CE8661D66003D001C6307 = {
			isa = PBXGroup;
			children = (
				431CE8711D66003D001C6307 /* MemeMe */,
				431CE8861D66003D001C6307 /* MemeMeTests */,
				431CE8911D66003D001C6307 /* MemeMeUITests */,
				431CE8701D66003D001C6307 /* Products */,
			);
			sourceTree = "<group>";
		};
		431CE8701D66003D001C6307 /* Products */ = {
			isa = PBXGroup;
			children = (
				431CE86F1D66003D001C6307 /* MemeMe.app */,
				431CE8831D66003D001C6307 /* MemeMeTests.xctest */,
				431CE88E1D66003D001C6307 /* MemeMeUITests.xctest */,
			);
			name = Products;
			sourceTree = "<group>";
		};
		431CE8711D66003D001C6307 /* MemeMe */ = {
			isa = PBXGroup;
			children = (
				431CE8721D66003D001C6307 /* AppDelegate.swift */,
				431CE8741D66003D001C6307 /* MemeViewController.swift */,
				431CE8761D66003D001C6307 /* Main.storyboard */,
				431CE8791D66003D001C6307 /* Assets.xcassets */,
				431CE87B1D66003D001C6307 /* LaunchScreen.storyboard */,
				431CE87E1D66003D001C6307 /* Info.plist */,
				431CE8A01D68B5FD001C6307 /* Meme.swift */,
			);
			path = MemeMe;
			sourceTree = "<group>";
		};
		431CE8861D66003D001C6307 /* MemeMeTests */ = {
			isa = PBXGroup;
			children = (
				431CE8871D66003D001C6307 /* MemeMeTests.swift */,
				431CE8891D66003D001C6307 /* Info.plist */,
			);
			path = MemeMeTests;
			sourceTree = "<group>";
		};
		431CE8911D66003D001C6307 /* MemeMeUITests */ = {
			isa = PBXGroup;
			children = (
				431CE8921D66003D001C6307 /* MemeMeUITests.swift */,
				431CE8941D66003D001C6307 /* Info.plist */,
			);
			path = MemeMeUITests;
			sourceTree = "<group>";
		};
/* End PBXGroup section */

/* Begin PBXNativeTarget section */
		431CE86E1D66003D001C6307 /* MemeMe */ = {
			isa = PBXNativeTarget;
			buildConfigurationList = 431CE8971D66003D001C6307 /* Build configuration list for PBXNativeTarget "MemeMe" */;
			buildPhases = (
				431CE86B1D66003D001C6307 /* Sources */,
				431CE86C1D66003D001C6307 /* Frameworks */,
				431CE86D1D66003D001C6307 /* Resources */,
			);
			buildRules = (
			);
			dependencies = (
			);
			name = MemeMe;
			productName = MemeMe;
			productReference = 431CE86F1D66003D001C6307 /* MemeMe.app */;
			productType = "com.apple.product-type.application";
		};
		431CE8821D66003D001C6307 /* MemeMeTests */ = {
			isa = PBXNativeTarget;
			buildConfigurationList = 431CE89A1D66003D001C6307 /* Build configuration list for PBXNativeTarget "MemeMeTests" */;
			buildPhases = (
				431CE87F1D66003D001C6307 /* Sources */,
				431CE8801D66003D001C6307 /* Frameworks */,
				431CE8811D66003D001C6307 /* Resources */,
			);
			buildRules = (
			);
			dependencies = (
				431CE8851D66003D001C6307 /* PBXTargetDependency */,
			);
			name = MemeMeTests;
			productName = MemeMeTests;
			productReference = 431CE8831D66003D001C6307 /* MemeMeTests.xctest */;
			productType = "com.apple.product-type.bundle.unit-test";
		};
		431CE88D1D66003D001C6307 /* MemeMeUITests */ = {
			isa = PBXNativeTarget;
			buildConfigurationList = 431CE89D1D66003D001C6307 /* Build configuration list for PBXNativeTarget "MemeMeUITests" */;
			buildPhases = (
				431CE88A1D66003D001C6307 /* Sources */,
				431CE88B1D66003D001C6307 /* Frameworks */,
				431CE88C1D66003D001C6307 /* Resources */,
			);
			buildRules = (
			);
			dependencies = (
				431CE8901D66003D001C6307 /* PBXTargetDependency */,
			);
			name = MemeMeUITests;
			productName = MemeMeUITests;
			productReference = 431CE88E1D66003D001C6307 /* MemeMeUITests.xctest */;
			productType = "com.apple.product-type.bundle.ui-testing";
		};
/* End PBXNativeTarget section */

/* Begin PBXProject section */
		431CE8671D66003D001C6307 /* Project object */ = {
			isa = PBXProject;
			attributes = {
				LastSwiftUpdateCheck = 0730;
				LastUpgradeCheck = 0730;
				ORGANIZATIONNAME = Mopel;
				TargetAttributes = {
					431CE86E1D66003D001C6307 = {
						CreatedOnToolsVersion = 7.3.1;
					};
					431CE8821D66003D001C6307 = {
						CreatedOnToolsVersion = 7.3.1;
						TestTargetID = 431CE86E1D66003D001C6307;
					};
					431CE88D1D66003D001C6307 = {
						CreatedOnToolsVersion = 7.3.1;
						TestTargetID = 431CE86E1D66003D001C6307;
					};
				};
			};
			buildConfigurationList = 431CE86A1D66003D001C6307 /* Build configuration list for PBXProject "MemeMe" */;
			compatibilityVersion = "Xcode 3.2";
			developmentRegion = English;
			hasScannedForEncodings = 0;
			knownRegions = (
				en,
				Base,
			);
			mainGroup = 431CE8661D66003D001C6307;
			productRefGroup = 431CE8701D66003D001C6307 /* Products */;
			projectDirPath = "";
			projectRoot = "";
			targets = (
				431CE86E1D66003D001C6307 /* MemeMe */,
				431CE8821D66003D001C6307 /* MemeMeTests */,
				431CE88D1D66003D001C6307 /* MemeMeUITests */,
			);
		};
/* End PBXProject section */

/* Begin PBXResourcesBuildPhase section */
		431CE86D1D66003D001C6307 /* Resources */ = {
			isa = PBXResourcesBuildPhase;
			buildActionMask = 2147483647;
			files = (
				431CE87D1D66003D001C6307 /* LaunchScreen.storyboard in Resources */,
				431CE87A1D66003D001C6307 /* Assets.xcassets in Resources */,
				431CE8781D66003D001C6307 /* Main.storyboard in Resources */,
			);
			runOnlyForDeploymentPostprocessing = 0;
		};
		431CE8811D66003D001C6307 /* Resources */ = {
			isa = PBXResourcesBuildPhase;
			buildActionMask = 2147483647;
			files = (
			);
			runOnlyForDeploymentPostprocessing = 0;
		};
		431CE88C1D66003D001C6307 /* Resources */ = {
			isa = PBXResourcesBuildPhase;
			buildActionMask = 2147483647;
			files = (
			);
			runOnlyForDeploymentPostprocessing = 0;
		};
/* End PBXResourcesBuildPhase section */

/* Begin PBXSourcesBuildPhase section */
		431CE86B1D66003D001C6307 /* Sources */ = {
			isa = PBXSourcesBuildPhase;
			buildActionMask = 2147483647;
			files = (
				431CE8A11D68B5FD001C6307 /* Meme.swift in Sources */,
				431CE8751D66003D001C6307 /* MemeViewController.swift in Sources */,
				431CE8731D66003D001C6307 /* AppDelegate.swift in Sources */,
			);
			runOnlyForDeploymentPostprocessing = 0;
		};
		431CE87F1D66003D001C6307 /* Sources */ = {
			isa = PBXSourcesBuildPhase;
			buildActionMask = 2147483647;
			files = (
				431CE8881D66003D001C6307 /* MemeMeTests.swift in Sources */,
			);
			runOnlyForDeploymentPostprocessing = 0;
		};
		431CE88A1D66003D001C6307 /* Sources */ = {
			isa = PBXSourcesBuildPhase;
			buildActionMask = 2147483647;
			files = (
				431CE8931D66003D001C6307 /* MemeMeUITests.swift in Sources */,
			);
			runOnlyForDeploymentPostprocessing = 0;
		};
/* End PBXSourcesBuildPhase section */

/* Begin PBXTargetDependency section */
		431CE8851D66003D001C6307 /* PBXTargetDependency */ = {
			isa = PBXTargetDependency;
			target = 431CE86E1D66003D001C6307 /* MemeMe */;
			targetProxy = 431CE8841D66003D001C6307 /* PBXContainerItemProxy */;
		};
		431CE8901D66003D001C6307 /* PBXTargetDependency */ = {
			isa = PBXTargetDependency;
			target = 431CE86E1D66003D001C6307 /* MemeMe */;
			targetProxy = 431CE88F1D66003D001C6307 /* PBXContainerItemProxy */;
		};
/* End PBXTargetDependency section */

/* Begin PBXVariantGroup section */
		431CE8761D66003D001C6307 /* Main.storyboard */ = {
			isa = PBXVariantGroup;
			children = (
				431CE8771D66003D001C6307 /* Base */,
			);
			name = Main.storyboard;
			sourceTree = "<group>";
		};
		431CE87B1D66003D001C6307 /* LaunchScreen.storyboard */ = {
			isa = PBXVariantGroup;
			children = (
				431CE87C1D66003D001C6307 /* Base */,
			);
			name = LaunchScreen.storyboard;
			sourceTree = "<group>";
		};
/* End PBXVariantGroup section */

/* Begin XCBuildConfiguration section */
		431CE8951D66003D001C6307 /* Debug */ = {
			isa = XCBuildConfiguration;
			buildSettings = {
				ALWAYS_SEARCH_USER_PATHS = NO;
				CLANG_ANALYZER_NONNULL = YES;
				CLANG_CXX_LANGUAGE_STANDARD = "gnu++0x";
				CLANG_CXX_LIBRARY = "libc++";
				CLANG_ENABLE_MODULES = YES;
				CLANG_ENABLE_OBJC_ARC = YES;
				CLANG_WARN_BOOL_CONVERSION = YES;
				CLANG_WARN_CONSTANT_CONVERSION = YES;
				CLANG_WARN_DIRECT_OBJC_ISA_USAGE = YES_ERROR;
				CLANG_WARN_EMPTY_BODY = YES;
				CLANG_WARN_ENUM_CONVERSION = YES;
				CLANG_WARN_INT_CONVERSION = YES;
				CLANG_WARN_OBJC_ROOT_CLASS = YES_ERROR;
				CLANG_WARN_UNREACHABLE_CODE = YES;
				CLANG_WARN__DUPLICATE_METHOD_MATCH = YES;
				"CODE_SIGN_IDENTITY[sdk=iphoneos*]" = "iPhone Developer";
				COPY_PHASE_STRIP = NO;
				DEBUG_INFORMATION_FORMAT = dwarf;
				ENABLE_STRICT_OBJC_MSGSEND = YES;
				ENABLE_TESTABILITY = YES;
				GCC_C_LANGUAGE_STANDARD = gnu99;
				GCC_DYNAMIC_NO_PIC = NO;
				GCC_NO_COMMON_BLOCKS = YES;
				GCC_OPTIMIZATION_LEVEL = 0;
				GCC_PREPROCESSOR_DEFINITIONS = (
					"DEBUG=1",
					"$(inherited)",
				);
				GCC_WARN_64_TO_32_BIT_CONVERSION = YES;
				GCC_WARN_ABOUT_RETURN_TYPE = YES_ERROR;
				GCC_WARN_UNDECLARED_SELECTOR = YES;
				GCC_WARN_UNINITIALIZED_AUTOS = YES_AGGRESSIVE;
				GCC_WARN_UNUSED_FUNCTION = YES;
				GCC_WARN_UNUSED_VARIABLE = YES;
				IPHONEOS_DEPLOYMENT_TARGET = 9.3;
				MTL_ENABLE_DEBUG_INFO = YES;
				ONLY_ACTIVE_ARCH = YES;
				SDKROOT = iphoneos;
				SWIFT_OPTIMIZATION_LEVEL = "-Onone";
				TARGETED_DEVICE_FAMILY = "1,2";
			};
			name = Debug;
		};
		431CE8961D66003D001C6307 /* Release */ = {
			isa = XCBuildConfiguration;
			buildSettings = {
				ALWAYS_SEARCH_USER_PATHS = NO;
				CLANG_ANALYZER_NONNULL = YES;
				CLANG_CXX_LANGUAGE_STANDARD = "gnu++0x";
				CLANG_CXX_LIBRARY = "libc++";
				CLANG_ENABLE_MODULES = YES;
				CLANG_ENABLE_OBJC_ARC = YES;
				CLANG_WARN_BOOL_CONVERSION = YES;
				CLANG_WARN_CONSTANT_CONVERSION = YES;
				CLANG_WARN_DIRECT_OBJC_ISA_USAGE = YES_ERROR;
				CLANG_WARN_EMPTY_BODY = YES;
				CLANG_WARN_ENUM_CONVERSION = YES;
				CLANG_WARN_INT_CONVERSION = YES;
				CLANG_WARN_OBJC_ROOT_CLASS = YES_ERROR;
				CLANG_WARN_UNREACHABLE_CODE = YES;
				CLANG_WARN__DUPLICATE_METHOD_MATCH = YES;
				"CODE_SIGN_IDENTITY[sdk=iphoneos*]" = "iPhone Developer";
				COPY_PHASE_STRIP = NO;
				DEBUG_INFORMATION_FORMAT = "dwarf-with-dsym";
				ENABLE_NS_ASSERTIONS = NO;
				ENABLE_STRICT_OBJC_MSGSEND = YES;
				GCC_C_LANGUAGE_STANDARD = gnu99;
				GCC_NO_COMMON_BLOCKS = YES;
				GCC_WARN_64_TO_32_BIT_CONVERSION = YES;
				GCC_WARN_ABOUT_RETURN_TYPE = YES_ERROR;
				GCC_WARN_UNDECLARED_SELECTOR = YES;
				GCC_WARN_UNINITIALIZED_AUTOS = YES_AGGRESSIVE;
				GCC_WARN_UNUSED_FUNCTION = YES;
				GCC_WARN_UNUSED_VARIABLE = YES;
				IPHONEOS_DEPLOYMENT_TARGET = 9.3;
				MTL_ENABLE_DEBUG_INFO = NO;
				SDKROOT = iphoneos;
				TARGETED_DEVICE_FAMILY = "1,2";
				VALIDATE_PRODUCT = YES;
			};
			name = Release;
		};
		431CE8981D66003D001C6307 /* Debug */ = {
			isa = XCBuildConfiguration;
			buildSettings = {
				ASSETCATALOG_COMPILER_APPICON_NAME = AppIcon;
				INFOPLIST_FILE = MemeMe/Info.plist;
				LD_RUNPATH_SEARCH_PATHS = "$(inherited) @executable_path/Frameworks";
				PRODUCT_BUNDLE_IDENTIFIER = io.amosbake.MemeMe;
				PRODUCT_NAME = "$(TARGET_NAME)";
			};
			name = Debug;
		};
		431CE8991D66003D001C6307 /* Release */ = {
			isa = XCBuildConfiguration;
			buildSettings = {
				ASSETCATALOG_COMPILER_APPICON_NAME = AppIcon;
				INFOPLIST_FILE = MemeMe/Info.plist;
				LD_RUNPATH_SEARCH_PATHS = "$(inherited) @executable_path/Frameworks";
				PRODUCT_BUNDLE_IDENTIFIER = io.amosbake.MemeMe;
				PRODUCT_NAME = "$(TARGET_NAME)";
			};
			name = Release;
		};
		431CE89B1D66003D001C6307 /* Debug */ = {
			isa = XCBuildConfiguration;
			buildSettings = {
				BUNDLE_LOADER = "$(TEST_HOST)";
				INFOPLIST_FILE = MemeMeTests/Info.plist;
				LD_RUNPATH_SEARCH_PATHS = "$(inherited) @executable_path/Frameworks @loader_path/Frameworks";
				PRODUCT_BUNDLE_IDENTIFIER = io.amosbake.MemeMeTests;
				PRODUCT_NAME = "$(TARGET_NAME)";
				TEST_HOST = "$(BUILT_PRODUCTS_DIR)/MemeMe.app/MemeMe";
			};
			name = Debug;
		};
		431CE89C1D66003D001C6307 /* Release */ = {
			isa = XCBuildConfiguration;
			buildSettings = {
				BUNDLE_LOADER = "$(TEST_HOST)";
				INFOPLIST_FILE = MemeMeTests/Info.plist;
				LD_RUNPATH_SEARCH_PATHS = "$(inherited) @executable_path/Frameworks @loader_path/Frameworks";
				PRODUCT_BUNDLE_IDENTIFIER = io.amosbake.MemeMeTests;
				PRODUCT_NAME = "$(TARGET_NAME)";
				TEST_HOST = "$(BUILT_PRODUCTS_DIR)/MemeMe.app/MemeMe";
			};
			name = Release;
		};
		431CE89E1D66003D001C6307 /* Debug */ = {
			isa = XCBuildConfiguration;
			buildSettings = {
				INFOPLIST_FILE = MemeMeUITests/Info.plist;
				LD_RUNPATH_SEARCH_PATHS = "$(inherited) @executable_path/Frameworks @loader_path/Frameworks";
				PRODUCT_BUNDLE_IDENTIFIER = io.amosbake.MemeMeUITests;
				PRODUCT_NAME = "$(TARGET_NAME)";
				TEST_TARGET_NAME = MemeMe;
			};
			name = Debug;
		};
		431CE89F1D66003D001C6307 /* Release */ = {
			isa = XCBuildConfiguration;
			buildSettings = {
				INFOPLIST_FILE = MemeMeUITests/Info.plist;
				LD_RUNPATH_SEARCH_PATHS = "$(inherited) @executable_path/Frameworks @loader_path/Frameworks";
				PRODUCT_BUNDLE_IDENTIFIER = io.amosbake.MemeMeUITests;
				PRODUCT_NAME = "$(TARGET_NAME)";
				TEST_TARGET_NAME = MemeMe;
			};
			name = Release;
		};
/* End XCBuildConfiguration section */

/* Begin XCConfigurationList section */
		431CE86A1D66003D001C6307 /* Build configuration list for PBXProject "MemeMe" */ = {
			isa = XCConfigurationList;
			buildConfigurations = (
				431CE8951D66003D001C6307 /* Debug */,
				431CE8961D66003D001C6307 /* Release */,
			);
			defaultConfigurationIsVisible = 0;
			defaultConfigurationName = Release;
		};
		431CE8971D66003D001C6307 /* Build configuration list for PBXNativeTarget "MemeMe" */ = {
			isa = XCConfigurationList;
			buildConfigurations = (
				431CE8981D66003D001C6307 /* Debug */,
				431CE8991D66003D001C6307 /* Release */,
			);
			defaultConfigurationIsVisible = 0;
			defaultConfigurationName = Release;
		};
		431CE89A1D66003D001C6307 /* Build configuration list for PBXNativeTarget "MemeMeTests" */ = {
			isa = XCConfigurationList;
			buildConfigurations = (
				431CE89B1D66003D001C6307 /* Debug */,
				431CE89C1D66003D001C6307 /* Release */,
			);
			defaultConfigurationIsVisible = 0;
			defaultConfigurationName = Release;
		};
		431CE89D1D66003D001C6307 /* Build configuration list for PBXNativeTarget "MemeMeUITests" */ = {
			isa = XCConfigurationList;
			buildConfigurations = (
				431CE89E1D66003D001C6307 /* Debug */,
				431CE89F1D66003D001C6307 /* Release */,
			);
			defaultConfigurationIsVisible = 0;
			defaultConfigurationName = Release;
		};
/* End XCConfigurationList section */
	};
	rootObject = 431CE8671D66003D001C6307 /* Project object */;
}
